<?xml version="1.0" encoding="utf-8"?>
<Project ToolsVersion="4.0" xmlns="http://schemas.microsoft.com/developer/msbuild/2003">
  <ItemGroup>
    <Filter Include="Source Files">
      <UniqueIdentifier>{4FC737F1-C7A5-4376-A066-2A32D752A2FF}</UniqueIdentifier>
      <Extensions>cpp;c;cc;cxx;def;odl;idl;hpj;bat;asm;asmx</Extensions>
    </Filter>
    <Filter Include="Header Files">
      <UniqueIdentifier>{3d2a2d38-b2e6-406b-a684-cc1432653c87}</UniqueIdentifier>
    </Filter>
    <Filter Include="Source Files\import">
      <UniqueIdentifier>{9a0d8bc6-bd41-4a40-b2aa-e7db10aeec57}</UniqueIdentifier>
    </Filter>
    <Filter Include="Source Files\export">
      <UniqueIdentifier>{0a6eed64-549c-41ba-8b39-e8f4ced31494}</UniqueIdentifier>
    </Filter>
  </ItemGroup>
  <ItemGroup>
    <ClInclude Include="..\..\include\data.h">
      <Filter>Header Files</Filter>
    </ClInclude>
    <ClInclude Include="..\..\include\export.h">
      <Filter>Header Files</Filter>
    </ClInclude>
    <ClInclude Include="..\..\include\import.h">
      <Filter>Header Files</Filter>
    </ClInclude>
    <ClInclude Include="..\..\include\lodder.h">
      <Filter>Header Files</Filter>
    </ClInclude>
  </ItemGroup>
  <ItemGroup>
    <ClCompile Include="..\..\source\data.cpp">
      <Filter>Source Files</Filter>
    </ClCompile>
    <ClCompile Include="..\..\source\export.cpp">
      <Filter>Source Files</Filter>
    </ClCompile>
    <ClCompile Include="..\..\source\import.cpp">
      <Filter>Source Files</Filter>
    </ClCompile>
    <ClCompile Include="..\..\source\main.cpp">
      <Filter>Source Files</Filter>
    </ClCompile>
    <ClCompile Include="..\..\source\import\import_material.cpp">
      <Filter>Source Files\import</Filter>
    </ClCompile>
    <ClCompile Include="..\..\source\import\import_actor.cpp">
      <Filter>Source Files\import</Filter>
    </ClCompile>
    <ClCompile Include="..\..\source\import\import_camera.cpp">
      <Filter>Source Files\import</Filter>
    </ClCompile>
    <ClCompile Include="..\..\source\import\import_light.cpp">
      <Filter>Source Files\import</Filter>
    </ClCompile>
    <ClCompile Include="..\..\source\import\import_scene.cpp">
      <Filter>Source Files\import</Filter>
    </ClCompile>
    <ClCompile Include="..\..\source\export\export_actor.cpp">
      <Filter>Source Files\export</Filter>
    </ClCompile>
    <ClCompile Include="..\..\source\export\export_camera.cpp">
      <Filter>Source Files\export</Filter>
    </ClCompile>
    <ClCompile Include="..\..\source\export\export_light.cpp">
      <Filter>Source Files\export</Filter>
    </ClCompile>
    <ClCompile Include="..\..\source\export\export_material.cpp">
      <Filter>Source Files\export</Filter>
    </ClCompile>
    <ClCompile Include="..\..\source\export\export_scene.cpp">
      <Filter>Source Files\export</Filter>
    </ClCompile>
    <ClCompile Include="..\..\source\import\import_mesh.cpp">
      <Filter>Source Files\import</Filter>
    </ClCompile>
    <ClCompile Include="..\..\source\export\export_mesh.cpp">
      <Filter>Source Files\export</Filter>
    </ClCompile>
    <ClCompile Include="..\..\source\lodder.cpp">
      <Filter>Source Files</Filter>
    </ClCompile>
  </ItemGroup>
</Project>