
Microsoft Visual Studio Solution File, Format Version 12.00
# Visual Studio 14
VisualStudioVersion = 14.0.25420.1
MinimumVisualStudioVersion = 10.0.40219.1
Project("{8BC9CEB8-8B4A-11D0-8D11-00A0C91BC942}") = "game", "game.vcxproj", "{DB534BF3-2A50-5376-E65B-552D41D6C3D4}"
	ProjectSection(ProjectDependencies) = postProject
		{BD4FFC08-AD8C-4C28-8286-891589C4D235} = {BD4FFC08-AD8C-4C28-8286-891589C4D235}
		{4AECC26B-18D3-485F-929C-983E59FB71B1} = {4AECC26B-18D3-485F-929C-983E59FB71B1}
		{1341D294-274F-4D03-9700-046279156F75} = {1341D294-274F-4D03-9700-046279156F75}
		{CED2AAC1-80AE-427E-BDAB-D920211C9F8B} = {CED2AAC1-80AE-427E-BDAB-D920211C9F8B}
		{DCF41EE7-E3B7-4CEE-AB3D-1EF70E30A5D8} = {DCF41EE7-E3B7-4CEE-AB3D-1EF70E30A5D8}
	EndProjectSection
EndProject
Project("{8BC9CEB8-8B4A-11D0-8D11-00A0C91BC942}") = "bullet", "..\..\..\libs\bullet\prj\Win32\bullet.vcxproj", "{D507C734-37BE-48F7-9F19-FC8DF7FF563D}"
EndProject
Project("{8BC9CEB8-8B4A-11D0-8D11-00A0C91BC942}") = "detour", "..\..\..\libs\detour\prj\Win32\detour.vcxproj", "{FA18F93C-CBFE-46C3-B09D-B6995B2155AA}"
EndProject
Project("{8BC9CEB8-8B4A-11D0-8D11-00A0C91BC942}") = "freetype", "..\..\..\libs\freetype\prj\Win32\freetype.vcxproj", "{3C9AFB3E-1FBD-4E01-8B87-85B3FF9A1389}"
EndProject
Project("{8BC9CEB8-8B4A-11D0-8D11-00A0C91BC942}") = "jansson", "..\..\..\libs\jansson\prj\Win32\jansson.vcxproj", "{F45D79D0-9A8D-4B06-9488-7A2FC171D922}"
EndProject
Project("{8BC9CEB8-8B4A-11D0-8D11-00A0C91BC942}") = "lzma", "..\..\..\libs\lzma\prj\Win32\lzma.vcxproj", "{E7AD0F35-2DDA-4CF9-A4A9-50F3456DE62C}"
EndProject
Project("{8BC9CEB8-8B4A-11D0-8D11-00A0C91BC942}") = "recast", "..\..\..\libs\recast\prj\Win32\recast.vcxproj", "{29018FB3-1793-40FE-84CF-BDFF03A8875E}"
EndProject
Project("{8BC9CEB8-8B4A-11D0-8D11-00A0C91BC942}") = "squirrel", "..\..\..\libs\squirrel\prj\Win32\squirrel.vcxproj", "{B6CCCB7C-5BFB-43BC-B0C7-81A2F1D3DF85}"
EndProject
Project("{8BC9CEB8-8B4A-11D0-8D11-00A0C91BC942}") = "box2D", "..\..\..\libs\box2D\prj\Win32\box2D.vcxproj", "{37D2EBD0-FAF7-4012-A462-E103C6B3EFA7}"
EndProject
Project("{8BC9CEB8-8B4A-11D0-8D11-00A0C91BC942}") = "agg", "..\..\..\libs\agg\prj\Win32\agg.vcxproj", "{E2F3A597-BA50-44F6-8546-C847C6A3F071}"
EndProject
Project("{8BC9CEB8-8B4A-11D0-8D11-00A0C91BC942}") = "expat", "..\..\..\libs\expat\prj\Win32\expat.vcxproj", "{856C593B-F6C1-43FF-A1B4-F021CDC203B7}"
EndProject
Project("{888888A0-9F3D-457C-B088-3A5042F75D52}") = "fs2sim", "..\..\..\tools\fs2sim\fs2sim.pyproj", "{CA532191-637D-411D-923D-1C8AE6BD1F94}"
EndProject
Project("{888888A0-9F3D-457C-B088-3A5042F75D52}") = "blend2sim", "..\..\..\tools\exporter\blender\blend2sim\blend2sim.pyproj", "{96EBFC69-03E2-46E7-B930-45D6CA59221E}"
EndProject
Project("{2150E333-8FDC-42A3-9474-1A3956D46DE8}") = "tools", "tools", "{207B61C9-A5F7-4BBB-9EC8-58C3EFA0B153}"
EndProject
Project("{2150E333-8FDC-42A3-9474-1A3956D46DE8}") = "libs", "libs", "{A0B58AF0-94CC-49E1-AB09-840AB4672D5C}"
EndProject
Project("{8BC9CEB8-8B4A-11D0-8D11-00A0C91BC942}") = "json2sim", "..\..\..\tools\json2sim\prj\Win32\json2sim.vcxproj", "{32A20720-9AC3-410B-B3EC-B6181AF6024A}"
	ProjectSection(ProjectDependencies) = postProject
		{CED2AAC1-80AE-427E-BDAB-D920211C9F8B} = {CED2AAC1-80AE-427E-BDAB-D920211C9F8B}
	EndProjectSection
EndProject
Project("{8BC9CEB8-8B4A-11D0-8D11-00A0C91BC942}") = "sim2lod", "..\..\..\tools\sim2lod\prj\Win32\sim2lod.vcxproj", "{DCF41EE7-E3B7-4CEE-AB3D-1EF70E30A5D8}"
	ProjectSection(ProjectDependencies) = postProject
		{CED2AAC1-80AE-427E-BDAB-D920211C9F8B} = {CED2AAC1-80AE-427E-BDAB-D920211C9F8B}
	EndProjectSection
EndProject
Project("{8BC9CEB8-8B4A-11D0-8D11-00A0C91BC942}") = "sim2mip", "..\..\..\tools\sim2mip\prj\Win32\sim2mip.vcxproj", "{4AECC26B-18D3-485F-929C-983E59FB71B1}"
EndProject
Project("{8BC9CEB8-8B4A-11D0-8D11-00A0C91BC942}") = "sim2strip", "..\..\..\tools\sim2strip\prj\Win32\sim2strip.vcxproj", "{1341D294-274F-4D03-9700-046279156F75}"
EndProject
Project("{8BC9CEB8-8B4A-11D0-8D11-00A0C91BC942}") = "sq2sim", "..\..\..\tools\sq2sim\prj\Win32\sq2sim.vcxproj", "{BD4FFC08-AD8C-4C28-8286-891589C4D235}"
	ProjectSection(ProjectDependencies) = postProject
		{CED2AAC1-80AE-427E-BDAB-D920211C9F8B} = {CED2AAC1-80AE-427E-BDAB-D920211C9F8B}
	EndProjectSection
EndProject
Project("{8BC9CEB8-8B4A-11D0-8D11-00A0C91BC942}") = "engine", "..\..\..\libs\engine\prj\Win32\engine.vcxproj", "{CED2AAC1-80AE-427E-BDAB-D920211C9F8B}"
	ProjectSection(ProjectDependencies) = postProject
		{D507C734-37BE-48F7-9F19-FC8DF7FF563D} = {D507C734-37BE-48F7-9F19-FC8DF7FF563D}
		{E7AD0F35-2DDA-4CF9-A4A9-50F3456DE62C} = {E7AD0F35-2DDA-4CF9-A4A9-50F3456DE62C}
		{856C593B-F6C1-43FF-A1B4-F021CDC203B7} = {856C593B-F6C1-43FF-A1B4-F021CDC203B7}
		{FA18F93C-CBFE-46C3-B09D-B6995B2155AA} = {FA18F93C-CBFE-46C3-B09D-B6995B2155AA}
		{3C9AFB3E-1FBD-4E01-8B87-85B3FF9A1389} = {3C9AFB3E-1FBD-4E01-8B87-85B3FF9A1389}
		{B6CCCB7C-5BFB-43BC-B0C7-81A2F1D3DF85} = {B6CCCB7C-5BFB-43BC-B0C7-81A2F1D3DF85}
		{E2F3A597-BA50-44F6-8546-C847C6A3F071} = {E2F3A597-BA50-44F6-8546-C847C6A3F071}
		{29018FB3-1793-40FE-84CF-BDFF03A8875E} = {29018FB3-1793-40FE-84CF-BDFF03A8875E}
		{F45D79D0-9A8D-4B06-9488-7A2FC171D922} = {F45D79D0-9A8D-4B06-9488-7A2FC171D922}
		{37D2EBD0-FAF7-4012-A462-E103C6B3EFA7} = {37D2EBD0-FAF7-4012-A462-E103C6B3EFA7}
	EndProjectSection
EndProject
Global
	GlobalSection(SolutionConfigurationPlatforms) = preSolution
		Debug|Any CPU = Debug|Any CPU
		Debug|Win32 = Debug|Win32
		Release|Any CPU = Release|Any CPU
		Release|Win32 = Release|Win32
	EndGlobalSection
	GlobalSection(ProjectConfigurationPlatforms) = postSolution
		{DB534BF3-2A50-5376-E65B-552D41D6C3D4}.Debug|Any CPU.ActiveCfg = Debug|Win32
		{DB534BF3-2A50-5376-E65B-552D41D6C3D4}.Debug|Win32.ActiveCfg = Debug|Win32
		{DB534BF3-2A50-5376-E65B-552D41D6C3D4}.Debug|Win32.Build.0 = Debug|Win32
		{DB534BF3-2A50-5376-E65B-552D41D6C3D4}.Release|Any CPU.ActiveCfg = Release|Win32
		{DB534BF3-2A50-5376-E65B-552D41D6C3D4}.Release|Win32.ActiveCfg = Release|Win32
		{DB534BF3-2A50-5376-E65B-552D41D6C3D4}.Release|Win32.Build.0 = Release|Win32
		{D507C734-37BE-48F7-9F19-FC8DF7FF563D}.Debug|Any CPU.ActiveCfg = Debug|Win32
		{D507C734-37BE-48F7-9F19-FC8DF7FF563D}.Debug|Win32.ActiveCfg = Debug|Win32
		{D507C734-37BE-48F7-9F19-FC8DF7FF563D}.Debug|Win32.Build.0 = Debug|Win32
		{D507C734-37BE-48F7-9F19-FC8DF7FF563D}.Release|Any CPU.ActiveCfg = Release|Win32
		{D507C734-37BE-48F7-9F19-FC8DF7FF563D}.Release|Win32.ActiveCfg = Release|Win32
		{D507C734-37BE-48F7-9F19-FC8DF7FF563D}.Release|Win32.Build.0 = Release|Win32
		{FA18F93C-CBFE-46C3-B09D-B6995B2155AA}.Debug|Any CPU.ActiveCfg = Debug|Win32
		{FA18F93C-CBFE-46C3-B09D-B6995B2155AA}.Debug|Win32.ActiveCfg = Debug|Win32
		{FA18F93C-CBFE-46C3-B09D-B6995B2155AA}.Debug|Win32.Build.0 = Debug|Win32
		{FA18F93C-CBFE-46C3-B09D-B6995B2155AA}.Release|Any CPU.ActiveCfg = Release|Win32
		{FA18F93C-CBFE-46C3-B09D-B6995B2155AA}.Release|Win32.ActiveCfg = Release|Win32
		{FA18F93C-CBFE-46C3-B09D-B6995B2155AA}.Release|Win32.Build.0 = Release|Win32
		{3C9AFB3E-1FBD-4E01-8B87-85B3FF9A1389}.Debug|Any CPU.ActiveCfg = Debug|Win32
		{3C9AFB3E-1FBD-4E01-8B87-85B3FF9A1389}.Debug|Win32.ActiveCfg = Debug|Win32
		{3C9AFB3E-1FBD-4E01-8B87-85B3FF9A1389}.Debug|Win32.Build.0 = Debug|Win32
		{3C9AFB3E-1FBD-4E01-8B87-85B3FF9A1389}.Release|Any CPU.ActiveCfg = Release|Win32
		{3C9AFB3E-1FBD-4E01-8B87-85B3FF9A1389}.Release|Win32.ActiveCfg = Release|Win32
		{3C9AFB3E-1FBD-4E01-8B87-85B3FF9A1389}.Release|Win32.Build.0 = Release|Win32
		{F45D79D0-9A8D-4B06-9488-7A2FC171D922}.Debug|Any CPU.ActiveCfg = Debug|Win32
		{F45D79D0-9A8D-4B06-9488-7A2FC171D922}.Debug|Win32.ActiveCfg = Debug|Win32
		{F45D79D0-9A8D-4B06-9488-7A2FC171D922}.Debug|Win32.Build.0 = Debug|Win32
		{F45D79D0-9A8D-4B06-9488-7A2FC171D922}.Release|Any CPU.ActiveCfg = Release|Win32
		{F45D79D0-9A8D-4B06-9488-7A2FC171D922}.Release|Win32.ActiveCfg = Release|Win32
		{F45D79D0-9A8D-4B06-9488-7A2FC171D922}.Release|Win32.Build.0 = Release|Win32
		{E7AD0F35-2DDA-4CF9-A4A9-50F3456DE62C}.Debug|Any CPU.ActiveCfg = Debug|Win32
		{E7AD0F35-2DDA-4CF9-A4A9-50F3456DE62C}.Debug|Win32.ActiveCfg = Debug|Win32
		{E7AD0F35-2DDA-4CF9-A4A9-50F3456DE62C}.Debug|Win32.Build.0 = Debug|Win32
		{E7AD0F35-2DDA-4CF9-A4A9-50F3456DE62C}.Release|Any CPU.ActiveCfg = Release|Win32
		{E7AD0F35-2DDA-4CF9-A4A9-50F3456DE62C}.Release|Win32.ActiveCfg = Release|Win32
		{E7AD0F35-2DDA-4CF9-A4A9-50F3456DE62C}.Release|Win32.Build.0 = Release|Win32
		{29018FB3-1793-40FE-84CF-BDFF03A8875E}.Debug|Any CPU.ActiveCfg = Debug|Win32
		{29018FB3-1793-40FE-84CF-BDFF03A8875E}.Debug|Win32.ActiveCfg = Debug|Win32
		{29018FB3-1793-40FE-84CF-BDFF03A8875E}.Debug|Win32.Build.0 = Debug|Win32
		{29018FB3-1793-40FE-84CF-BDFF03A8875E}.Release|Any CPU.ActiveCfg = Release|Win32
		{29018FB3-1793-40FE-84CF-BDFF03A8875E}.Release|Win32.ActiveCfg = Release|Win32
		{29018FB3-1793-40FE-84CF-BDFF03A8875E}.Release|Win32.Build.0 = Release|Win32
		{B6CCCB7C-5BFB-43BC-B0C7-81A2F1D3DF85}.Debug|Any CPU.ActiveCfg = Debug|Win32
		{B6CCCB7C-5BFB-43BC-B0C7-81A2F1D3DF85}.Debug|Win32.ActiveCfg = Debug|Win32
		{B6CCCB7C-5BFB-43BC-B0C7-81A2F1D3DF85}.Debug|Win32.Build.0 = Debug|Win32
		{B6CCCB7C-5BFB-43BC-B0C7-81A2F1D3DF85}.Release|Any CPU.ActiveCfg = Release|Win32
		{B6CCCB7C-5BFB-43BC-B0C7-81A2F1D3DF85}.Release|Win32.ActiveCfg = Release|Win32
		{B6CCCB7C-5BFB-43BC-B0C7-81A2F1D3DF85}.Release|Win32.Build.0 = Release|Win32
		{37D2EBD0-FAF7-4012-A462-E103C6B3EFA7}.Debug|Any CPU.ActiveCfg = Debug|Win32
		{37D2EBD0-FAF7-4012-A462-E103C6B3EFA7}.Debug|Win32.ActiveCfg = Debug|Win32
		{37D2EBD0-FAF7-4012-A462-E103C6B3EFA7}.Debug|Win32.Build.0 = Debug|Win32
		{37D2EBD0-FAF7-4012-A462-E103C6B3EFA7}.Release|Any CPU.ActiveCfg = Release|Win32
		{37D2EBD0-FAF7-4012-A462-E103C6B3EFA7}.Release|Win32.ActiveCfg = Release|Win32
		{37D2EBD0-FAF7-4012-A462-E103C6B3EFA7}.Release|Win32.Build.0 = Release|Win32
		{E2F3A597-BA50-44F6-8546-C847C6A3F071}.Debug|Any CPU.ActiveCfg = Debug|Win32
		{E2F3A597-BA50-44F6-8546-C847C6A3F071}.Debug|Win32.ActiveCfg = Debug|Win32
		{E2F3A597-BA50-44F6-8546-C847C6A3F071}.Debug|Win32.Build.0 = Debug|Win32
		{E2F3A597-BA50-44F6-8546-C847C6A3F071}.Release|Any CPU.ActiveCfg = Release|Win32
		{E2F3A597-BA50-44F6-8546-C847C6A3F071}.Release|Win32.ActiveCfg = Release|Win32
		{E2F3A597-BA50-44F6-8546-C847C6A3F071}.Release|Win32.Build.0 = Release|Win32
		{856C593B-F6C1-43FF-A1B4-F021CDC203B7}.Debug|Any CPU.ActiveCfg = Debug|Win32
		{856C593B-F6C1-43FF-A1B4-F021CDC203B7}.Debug|Win32.ActiveCfg = Debug|Win32
		{856C593B-F6C1-43FF-A1B4-F021CDC203B7}.Debug|Win32.Build.0 = Debug|Win32
		{856C593B-F6C1-43FF-A1B4-F021CDC203B7}.Release|Any CPU.ActiveCfg = Release|Win32
		{856C593B-F6C1-43FF-A1B4-F021CDC203B7}.Release|Win32.ActiveCfg = Release|Win32
		{856C593B-F6C1-43FF-A1B4-F021CDC203B7}.Release|Win32.Build.0 = Release|Win32
		{CA532191-637D-411D-923D-1C8AE6BD1F94}.Debug|Any CPU.ActiveCfg = Debug|Any CPU
		{CA532191-637D-411D-923D-1C8AE6BD1F94}.Debug|Win32.ActiveCfg = Debug|Any CPU
		{CA532191-637D-411D-923D-1C8AE6BD1F94}.Release|Any CPU.ActiveCfg = Release|Any CPU
		{CA532191-637D-411D-923D-1C8AE6BD1F94}.Release|Win32.ActiveCfg = Release|Any CPU
		{96EBFC69-03E2-46E7-B930-45D6CA59221E}.Debug|Any CPU.ActiveCfg = Debug|Any CPU
		{96EBFC69-03E2-46E7-B930-45D6CA59221E}.Debug|Win32.ActiveCfg = Debug|Any CPU
		{96EBFC69-03E2-46E7-B930-45D6CA59221E}.Release|Any CPU.ActiveCfg = Release|Any CPU
		{96EBFC69-03E2-46E7-B930-45D6CA59221E}.Release|Win32.ActiveCfg = Release|Any CPU
		{32A20720-9AC3-410B-B3EC-B6181AF6024A}.Debug|Any CPU.ActiveCfg = Debug|Win32
		{32A20720-9AC3-410B-B3EC-B6181AF6024A}.Debug|Win32.ActiveCfg = Debug|Win32
		{32A20720-9AC3-410B-B3EC-B6181AF6024A}.Debug|Win32.Build.0 = Debug|Win32
		{32A20720-9AC3-410B-B3EC-B6181AF6024A}.Release|Any CPU.ActiveCfg = Release|Win32
		{32A20720-9AC3-410B-B3EC-B6181AF6024A}.Release|Win32.ActiveCfg = Release|Win32
		{32A20720-9AC3-410B-B3EC-B6181AF6024A}.Release|Win32.Build.0 = Release|Win32
		{DCF41EE7-E3B7-4CEE-AB3D-1EF70E30A5D8}.Debug|Any CPU.ActiveCfg = Debug|Win32
		{DCF41EE7-E3B7-4CEE-AB3D-1EF70E30A5D8}.Debug|Win32.ActiveCfg = Debug|Win32
		{DCF41EE7-E3B7-4CEE-AB3D-1EF70E30A5D8}.Debug|Win32.Build.0 = Debug|Win32
		{DCF41EE7-E3B7-4CEE-AB3D-1EF70E30A5D8}.Release|Any CPU.ActiveCfg = Release|Win32
		{DCF41EE7-E3B7-4CEE-AB3D-1EF70E30A5D8}.Release|Win32.ActiveCfg = Release|Win32
		{DCF41EE7-E3B7-4CEE-AB3D-1EF70E30A5D8}.Release|Win32.Build.0 = Release|Win32
		{4AECC26B-18D3-485F-929C-983E59FB71B1}.Debug|Any CPU.ActiveCfg = Debug|Win32
		{4AECC26B-18D3-485F-929C-983E59FB71B1}.Debug|Win32.ActiveCfg = Debug|Win32
		{4AECC26B-18D3-485F-929C-983E59FB71B1}.Debug|Win32.Build.0 = Debug|Win32
		{4AECC26B-18D3-485F-929C-983E59FB71B1}.Release|Any CPU.ActiveCfg = Release|Win32
		{4AECC26B-18D3-485F-929C-983E59FB71B1}.Release|Win32.ActiveCfg = Release|Win32
		{4AECC26B-18D3-485F-929C-983E59FB71B1}.Release|Win32.Build.0 = Release|Win32
		{1341D294-274F-4D03-9700-046279156F75}.Debug|Any CPU.ActiveCfg = Debug|Win32
		{1341D294-274F-4D03-9700-046279156F75}.Debug|Win32.ActiveCfg = Debug|Win32
		{1341D294-274F-4D03-9700-046279156F75}.Debug|Win32.Build.0 = Debug|Win32
		{1341D294-274F-4D03-9700-046279156F75}.Release|Any CPU.ActiveCfg = Release|Win32
		{1341D294-274F-4D03-9700-046279156F75}.Release|Win32.ActiveCfg = Release|Win32
		{1341D294-274F-4D03-9700-046279156F75}.Release|Win32.Build.0 = Release|Win32
		{BD4FFC08-AD8C-4C28-8286-891589C4D235}.Debug|Any CPU.ActiveCfg = Debug|Win32
		{BD4FFC08-AD8C-4C28-8286-891589C4D235}.Debug|Win32.ActiveCfg = Debug|Win32
		{BD4FFC08-AD8C-4C28-8286-891589C4D235}.Debug|Win32.Build.0 = Debug|Win32
		{BD4FFC08-AD8C-4C28-8286-891589C4D235}.Release|Any CPU.ActiveCfg = Release|Win32
		{BD4FFC08-AD8C-4C28-8286-891589C4D235}.Release|Win32.ActiveCfg = Release|Win32
		{BD4FFC08-AD8C-4C28-8286-891589C4D235}.Release|Win32.Build.0 = Release|Win32
		{CED2AAC1-80AE-427E-BDAB-D920211C9F8B}.Debug|Any CPU.ActiveCfg = Debug|Win32
		{CED2AAC1-80AE-427E-BDAB-D920211C9F8B}.Debug|Win32.ActiveCfg = Debug|Win32
		{CED2AAC1-80AE-427E-BDAB-D920211C9F8B}.Debug|Win32.Build.0 = Debug|Win32
		{CED2AAC1-80AE-427E-BDAB-D920211C9F8B}.Release|Any CPU.ActiveCfg = Release|Win32
		{CED2AAC1-80AE-427E-BDAB-D920211C9F8B}.Release|Win32.ActiveCfg = Release|Win32
		{CED2AAC1-80AE-427E-BDAB-D920211C9F8B}.Release|Win32.Build.0 = Release|Win32
	EndGlobalSection
	GlobalSection(SolutionProperties) = preSolution
		HideSolutionNode = FALSE
	EndGlobalSection
	GlobalSection(NestedProjects) = preSolution
		{D507C734-37BE-48F7-9F19-FC8DF7FF563D} = {A0B58AF0-94CC-49E1-AB09-840AB4672D5C}
		{FA18F93C-CBFE-46C3-B09D-B6995B2155AA} = {A0B58AF0-94CC-49E1-AB09-840AB4672D5C}
		{3C9AFB3E-1FBD-4E01-8B87-85B3FF9A1389} = {A0B58AF0-94CC-49E1-AB09-840AB4672D5C}
		{F45D79D0-9A8D-4B06-9488-7A2FC171D922} = {A0B58AF0-94CC-49E1-AB09-840AB4672D5C}
		{E7AD0F35-2DDA-4CF9-A4A9-50F3456DE62C} = {A0B58AF0-94CC-49E1-AB09-840AB4672D5C}
		{29018FB3-1793-40FE-84CF-BDFF03A8875E} = {A0B58AF0-94CC-49E1-AB09-840AB4672D5C}
		{B6CCCB7C-5BFB-43BC-B0C7-81A2F1D3DF85} = {A0B58AF0-94CC-49E1-AB09-840AB4672D5C}
		{37D2EBD0-FAF7-4012-A462-E103C6B3EFA7} = {A0B58AF0-94CC-49E1-AB09-840AB4672D5C}
		{E2F3A597-BA50-44F6-8546-C847C6A3F071} = {A0B58AF0-94CC-49E1-AB09-840AB4672D5C}
		{856C593B-F6C1-43FF-A1B4-F021CDC203B7} = {A0B58AF0-94CC-49E1-AB09-840AB4672D5C}
		{CA532191-637D-411D-923D-1C8AE6BD1F94} = {207B61C9-A5F7-4BBB-9EC8-58C3EFA0B153}
		{96EBFC69-03E2-46E7-B930-45D6CA59221E} = {207B61C9-A5F7-4BBB-9EC8-58C3EFA0B153}
		{32A20720-9AC3-410B-B3EC-B6181AF6024A} = {207B61C9-A5F7-4BBB-9EC8-58C3EFA0B153}
		{DCF41EE7-E3B7-4CEE-AB3D-1EF70E30A5D8} = {207B61C9-A5F7-4BBB-9EC8-58C3EFA0B153}
		{4AECC26B-18D3-485F-929C-983E59FB71B1} = {207B61C9-A5F7-4BBB-9EC8-58C3EFA0B153}
		{1341D294-274F-4D03-9700-046279156F75} = {207B61C9-A5F7-4BBB-9EC8-58C3EFA0B153}
		{BD4FFC08-AD8C-4C28-8286-891589C4D235} = {207B61C9-A5F7-4BBB-9EC8-58C3EFA0B153}
		{CED2AAC1-80AE-427E-BDAB-D920211C9F8B} = {A0B58AF0-94CC-49E1-AB09-840AB4672D5C}
	EndGlobalSection
EndGlobal
