
Microsoft Visual Studio Solution File, Format Version 12.00
# Visual Studio 14
VisualStudioVersion = 14.0.25420.1
MinimumVisualStudioVersion = 10.0.40219.1
Project("{8BC9CEB8-8B4A-11D0-8D11-00A0C91BC942}") = "dae2sim", "dae2sim.vcxproj", "{BD4FFC08-AD8C-4C28-8286-891589C4D235}"
	ProjectSection(ProjectDependencies) = postProject
		{F45D79D0-9A8D-4B06-9488-7A2FC171D922} = {F45D79D0-9A8D-4B06-9488-7A2FC171D922}
	EndProjectSection
EndProject
Project("{8BC9CEB8-8B4A-11D0-8D11-00A0C91BC942}") = "collada-dom", "..\..\..\libs\collada-dom\prj\Win32\collada-dom.vcxproj", "{F45D79D0-9A8D-4B06-9488-7A2FC171D922}"
EndProject
Project("{8BC9CEB8-8B4A-11D0-8D11-00A0C91BC942}") = "engine", "..\..\..\..\libs\engine\prj\Win32\engine.vcxproj", "{CED2AAC1-80AE-427E-BDAB-D920211C9F8B}"
EndProject
Global
	GlobalSection(SolutionConfigurationPlatforms) = preSolution
		Debug|Win32 = Debug|Win32
		Release|Win32 = Release|Win32
	EndGlobalSection
	GlobalSection(ProjectConfigurationPlatforms) = postSolution
		{BD4FFC08-AD8C-4C28-8286-891589C4D235}.Debug|Win32.ActiveCfg = Debug|Win32
		{BD4FFC08-AD8C-4C28-8286-891589C4D235}.Debug|Win32.Build.0 = Debug|Win32
		{BD4FFC08-AD8C-4C28-8286-891589C4D235}.Release|Win32.ActiveCfg = Release|Win32
		{BD4FFC08-AD8C-4C28-8286-891589C4D235}.Release|Win32.Build.0 = Release|Win32
		{F45D79D0-9A8D-4B06-9488-7A2FC171D922}.Debug|Win32.ActiveCfg = Debug|Win32
		{F45D79D0-9A8D-4B06-9488-7A2FC171D922}.Debug|Win32.Build.0 = Debug|Win32
		{F45D79D0-9A8D-4B06-9488-7A2FC171D922}.Release|Win32.ActiveCfg = Release|Win32
		{F45D79D0-9A8D-4B06-9488-7A2FC171D922}.Release|Win32.Build.0 = Release|Win32
		{CED2AAC1-80AE-427E-BDAB-D920211C9F8B}.Debug|Win32.ActiveCfg = Debug|Win32
		{CED2AAC1-80AE-427E-BDAB-D920211C9F8B}.Debug|Win32.Build.0 = Debug|Win32
		{CED2AAC1-80AE-427E-BDAB-D920211C9F8B}.Release|Win32.ActiveCfg = Release|Win32
		{CED2AAC1-80AE-427E-BDAB-D920211C9F8B}.Release|Win32.Build.0 = Release|Win32
	EndGlobalSection
	GlobalSection(SolutionProperties) = preSolution
		HideSolutionNode = FALSE
	EndGlobalSection
EndGlobal
